
Microsoft Visual Studio Solution File, Format Version 12.00
# Visual Studio Version 16
VisualStudioVersion = 16.0.31025.194
MinimumVisualStudioVersion = 10.0.40219.1
Project("{FAE04EC0-301F-11D3-BF4B-00C04F79EFBC}") = "P4Lab1", "P4Lab1.csproj", "{E432D9AB-19CF-4170-A7F0-49F5449AEE57}"
EndProject
Global
	GlobalSection(SolutionConfigurationPlatforms) = preSolution
		Debug|Any CPU = Debug|Any CPU
		Release|Any CPU = Release|Any CPU
	EndGlobalSection
	GlobalSection(ProjectConfigurationPlatforms) = postSolution
		{E432D9AB-19CF-4170-A7F0-49F5449AEE57}.Debug|Any CPU.ActiveCfg = Debug|Any CPU
		{E432D9AB-19CF-4170-A7F0-49F5449AEE57}.Debug|Any CPU.Build.0 = Debug|Any CPU
		{E432D9AB-19CF-4170-A7F0-49F5449AEE57}.Release|Any CPU.ActiveCfg = Release|Any CPU
		{E432D9AB-19CF-4170-A7F0-49F5449AEE57}.Release|Any CPU.Build.0 = Release|Any CPU
	EndGlobalSection
	GlobalSection(SolutionProperties) = preSolution
		HideSolutionNode = FALSE
	EndGlobalSection
	GlobalSection(ExtensibilityGlobals) = postSolution
		SolutionGuid = {BE43460E-A364-4275-BA91-E06A38BC81B9}
	EndGlobalSection
EndGlobal
